{
    "version": 3,
    "terraform_version": "0.9.11",
    "serial": 50,
    "lineage": "53b6b995-1765-4052-904d-c7d6d8c11ad9",
    "modules": [
        {
            "path": [
                "root"
            ],
            "outputs": {
                "address": {
                    "sensitive": false,
                    "type": "string",
                    "value": "terraform-hrum-v2-338079842.us-west-2.elb.amazonaws.com"
                }
            },
            "resources": {
                "aws_autoscaling_group.hrum2-asg": {
                    "type": "aws_autoscaling_group",
                    "depends_on": [
                        "aws_elb.hrum2-elb",
                        "aws_launch_configuration.hrum2-lc"
                    ],
                    "primary": {
                        "id": "Terraform-HRUMv2Autoscaling",
                        "attributes": {
                            "arn": "arn:aws:autoscaling:us-west-2:183209386112:autoScalingGroup:8c7bb57f-bb48-4626-bd97-0dbb1dd8ba3b:autoScalingGroupName/Terraform-HRUMv2Autoscaling",
                            "availability_zones.#": "1",
                            "availability_zones.221770259": "us-west-2b",
                            "default_cooldown": "300",
                            "desired_capacity": "2",
                            "force_delete": "true",
                            "health_check_grace_period": "300",
                            "health_check_type": "EC2",
                            "id": "Terraform-HRUMv2Autoscaling",
                            "launch_configuration": "Terraform-HRUMv2Prod",
                            "load_balancers.#": "1",
                            "load_balancers.1438583859": "terraform-hrum-v2",
                            "max_size": "2",
                            "metrics_granularity": "1Minute",
                            "min_size": "1",
                            "name": "Terraform-HRUMv2Autoscaling",
                            "placement_group": "",
                            "protect_from_scale_in": "false",
                            "suspended_processes.#": "0",
                            "tag.#": "7",
                            "tag.1664244092.key": "Team",
                            "tag.1664244092.propagate_at_launch": "true",
                            "tag.1664244092.value": "HRUM",
                            "tag.1989749311.key": "DataClassification",
                            "tag.1989749311.propagate_at_launch": "true",
                            "tag.1989749311.value": "Sensitive",
                            "tag.2123488178.key": "CostCenter",
                            "tag.2123488178.propagate_at_launch": "true",
                            "tag.2123488178.value": "30119",
                            "tag.2489871247.key": "LaunchedBy",
                            "tag.2489871247.propagate_at_launch": "true",
                            "tag.2489871247.value": "igrynko",
                            "tag.2564509654.key": "Name",
                            "tag.2564509654.propagate_at_launch": "true",
                            "tag.2564509654.value": "HRUMv2 Autoscaling",
                            "tag.4082198303.key": "Environment",
                            "tag.4082198303.propagate_at_launch": "true",
                            "tag.4082198303.value": "PROD",
                            "tag.707966472.key": "Application",
                            "tag.707966472.propagate_at_launch": "true",
                            "tag.707966472.value": "HRUM",
                            "target_group_arns.#": "0",
                            "termination_policies.#": "0",
                            "vpc_zone_identifier.#": "1",
                            "vpc_zone_identifier.580430593": "subnet-9a5414ed",
                            "wait_for_capacity_timeout": "10m"
                        },
                        "meta": {},
                        "tainted": false
                    },
                    "deposed": [],
                    "provider": ""
                },
                "aws_elb.hrum2-elb": {
                    "type": "aws_elb",
                    "depends_on": [
                        "aws_iam_server_certificate.le_cert"
                    ],
                    "primary": {
                        "id": "terraform-hrum-v2",
                        "attributes": {
                            "access_logs.#": "0",
                            "availability_zones.#": "1",
                            "availability_zones.221770259": "us-west-2b",
                            "connection_draining": "false",
                            "connection_draining_timeout": "300",
                            "cross_zone_load_balancing": "true",
                            "dns_name": "terraform-hrum-v2-338079842.us-west-2.elb.amazonaws.com",
                            "health_check.#": "1",
                            "health_check.0.healthy_threshold": "10",
                            "health_check.0.interval": "30",
                            "health_check.0.target": "HTTP:80/",
                            "health_check.0.timeout": "5",
                            "health_check.0.unhealthy_threshold": "2",
                            "id": "terraform-hrum-v2",
                            "idle_timeout": "60",
                            "instances.#": "0",
                            "internal": "false",
                            "listener.#": "1",
                            "listener.58802661.instance_port": "80",
                            "listener.58802661.instance_protocol": "http",
                            "listener.58802661.lb_port": "443",
                            "listener.58802661.lb_protocol": "https",
                            "listener.58802661.ssl_certificate_id": "arn:aws:iam::183209386112:server-certificate/Lets_Encrypt_cert",
                            "name": "terraform-hrum-v2",
                            "security_groups.#": "1",
                            "security_groups.1502023670": "sg-8ef8b7f5",
                            "source_security_group": "183209386112/mysg",
                            "source_security_group_id": "sg-8ef8b7f5",
                            "subnets.#": "1",
                            "subnets.580430593": "subnet-9a5414ed",
                            "tags.%": "0",
                            "zone_id": "Z1H1FL5HABSF5"
                        },
                        "meta": {},
                        "tainted": false
                    },
                    "deposed": [],
                    "provider": ""
                },
                "aws_iam_server_certificate.le_cert": {
                    "type": "aws_iam_server_certificate",
                    "depends_on": [],
                    "primary": {
                        "id": "ASCAICQTLBOYOTSBWHE66",
                        "attributes": {
                            "arn": "arn:aws:iam::183209386112:server-certificate/Lets_Encrypt_cert",
                            "certificate_body": "61e214382d4888c7af03f9a5bc7ca1ed93f340d6",
                            "id": "ASCAICQTLBOYOTSBWHE66",
                            "name": "Lets_Encrypt_cert",
                            "path": "/",
                            "private_key": "d287ae258baacb1cae25399436dcd01c794472db"
                        },
                        "meta": {},
                        "tainted": false
                    },
                    "deposed": [],
                    "provider": ""
                },
                "aws_launch_configuration.hrum2-lc": {
                    "type": "aws_launch_configuration",
                    "depends_on": [],
                    "primary": {
                        "id": "Terraform-HRUMv2Prod",
                        "attributes": {
                            "associate_public_ip_address": "false",
                            "ebs_block_device.#": "0",
                            "ebs_optimized": "false",
                            "enable_monitoring": "true",
                            "ephemeral_block_device.#": "0",
                            "iam_instance_profile": "",
                            "id": "Terraform-HRUMv2Prod",
                            "image_id": "ami-6df1e514",
                            "instance_type": "t2.micro",
                            "key_name": "id_rsa",
                            "name": "Terraform-HRUMv2Prod",
                            "root_block_device.#": "0",
                            "security_groups.#": "1",
                            "security_groups.1502023670": "sg-8ef8b7f5",
                            "spot_price": "",
                            "user_data": "2045094499a537d9f580d0ccee49ef99141b0cee",
                            "vpc_classic_link_id": "",
                            "vpc_classic_link_security_groups.#": "0"
                        },
                        "meta": {},
                        "tainted": false
                    },
                    "deposed": [],
                    "provider": ""
                }
            },
            "depends_on": []
        }
    ]
}
